// !$*UTF8*$!
{
	archiveVersion = 1;
	classes = {
	};
	objectVersion = 46;
	objects = {

/* Begin PBXBuildFile section */
		0BF69EF31FF51890D1FAAA69 /* Pods_TestKeyBoard.framework in Frameworks */ = {isa = PBXBuildFile; fileRef = DFE40A8530BE622E6F1E0B6B /* Pods_TestKeyBoard.framework */; };
		235B9A0E1D875A2C0016FAD0 /* AppDelegate.swift in Sources */ = {isa = PBXBuildFile; fileRef = 235B9A0D1D875A2C0016FAD0 /* AppDelegate.swift */; };
		235B9A101D875A2C0016FAD0 /* ViewController.swift in Sources */ = {isa = PBXBuildFile; fileRef = 235B9A0F1D875A2C0016FAD0 /* ViewController.swift */; };
		235B9A131D875A2C0016FAD0 /* Main.storyboard in Resources */ = {isa = PBXBuildFile; fileRef = 235B9A111D875A2C0016FAD0 /* Main.storyboard */; };
		235B9A151D875A2C0016FAD0 /* Assets.xcassets in Resources */ = {isa = PBXBuildFile; fileRef = 235B9A141D875A2C0016FAD0 /* Assets.xcassets */; };
		235B9A181D875A2C0016FAD0 /* LaunchScreen.storyboard in Resources */ = {isa = PBXBuildFile; fileRef = 235B9A161D875A2C0016FAD0 /* LaunchScreen.storyboard */; };
		235B9A231D875A2D0016FAD0 /* TestKeyBoardTests.swift in Sources */ = {isa = PBXBuildFile; fileRef = 235B9A221D875A2D0016FAD0 /* TestKeyBoardTests.swift */; };
		235B9A2E1D875A2D0016FAD0 /* TestKeyBoardUITests.swift in Sources */ = {isa = PBXBuildFile; fileRef = 235B9A2D1D875A2D0016FAD0 /* TestKeyBoardUITests.swift */; };
		23F213A81D89E0B800D537B7 /* Podfile in Resources */ = {isa = PBXBuildFile; fileRef = 23F213A71D89E0B800D537B7 /* Podfile */; };
/* End PBXBuildFile section */

/* Begin PBXContainerItemProxy section */
		235B9A1F1D875A2C0016FAD0 /* PBXContainerItemProxy */ = {
			isa = PBXContainerItemProxy;
			containerPortal = 235B9A021D875A2C0016FAD0 /* Project object */;
			proxyType = 1;
			remoteGlobalIDString = 235B9A091D875A2C0016FAD0;
			remoteInfo = TestKeyBoard;
		};
		235B9A2A1D875A2D0016FAD0 /* PBXContainerItemProxy */ = {
			isa = PBXContainerItemProxy;
			containerPortal = 235B9A021D875A2C0016FAD0 /* Project object */;
			proxyType = 1;
			remoteGlobalIDString = 235B9A091D875A2C0016FAD0;
			remoteInfo = TestKeyBoard;
		};
/* End PBXContainerItemProxy section */

/* Begin PBXFileReference section */
		235B9A0A1D875A2C0016FAD0 /* TestKeyBoard.app */ = {isa = PBXFileReference; explicitFileType = wrapper.application; includeInIndex = 0; path = TestKeyBoard.app; sourceTree = BUILT_PRODUCTS_DIR; };
		235B9A0D1D875A2C0016FAD0 /* AppDelegate.swift */ = {isa = PBXFileReference; lastKnownFileType = sourcecode.swift; path = AppDelegate.swift; sourceTree = "<group>"; };
		235B9A0F1D875A2C0016FAD0 /* ViewController.swift */ = {isa = PBXFileReference; lastKnownFileType = sourcecode.swift; path = ViewController.swift; sourceTree = "<group>"; };
		235B9A121D875A2C0016FAD0 /* Base */ = {isa = PBXFileReference; lastKnownFileType = file.storyboard; name = Base; path = Base.lproj/Main.storyboard; sourceTree = "<group>"; };
		235B9A141D875A2C0016FAD0 /* Assets.xcassets */ = {isa = PBXFileReference; lastKnownFileType = folder.assetcatalog; path = Assets.xcassets; sourceTree = "<group>"; };
		235B9A171D875A2C0016FAD0 /* Base */ = {isa = PBXFileReference; lastKnownFileType = file.storyboard; name = Base; path = Base.lproj/LaunchScreen.storyboard; sourceTree = "<group>"; };
		235B9A191D875A2C0016FAD0 /* Info.plist */ = {isa = PBXFileReference; lastKnownFileType = text.plist.xml; path = Info.plist; sourceTree = "<group>"; };
		235B9A1E1D875A2C0016FAD0 /* TestKeyBoardTests.xctest */ = {isa = PBXFileReference; explicitFileType = wrapper.cfbundle; includeInIndex = 0; path = TestKeyBoardTests.xctest; sourceTree = BUILT_PRODUCTS_DIR; };
		235B9A221D875A2D0016FAD0 /* TestKeyBoardTests.swift */ = {isa = PBXFileReference; lastKnownFileType = sourcecode.swift; path = TestKeyBoardTests.swift; sourceTree = "<group>"; };
		235B9A241D875A2D0016FAD0 /* Info.plist */ = {isa = PBXFileReference; lastKnownFileType = text.plist.xml; path = Info.plist; sourceTree = "<group>"; };
		235B9A291D875A2D0016FAD0 /* TestKeyBoardUITests.xctest */ = {isa = PBXFileReference; explicitFileType = wrapper.cfbundle; includeInIndex = 0; path = TestKeyBoardUITests.xctest; sourceTree = BUILT_PRODUCTS_DIR; };
		235B9A2D1D875A2D0016FAD0 /* TestKeyBoardUITests.swift */ = {isa = PBXFileReference; lastKnownFileType = sourcecode.swift; path = TestKeyBoardUITests.swift; sourceTree = "<group>"; };
		235B9A2F1D875A2D0016FAD0 /* Info.plist */ = {isa = PBXFileReference; lastKnownFileType = text.plist.xml; path = Info.plist; sourceTree = "<group>"; };
		23F213A71D89E0B800D537B7 /* Podfile */ = {isa = PBXFileReference; fileEncoding = 4; lastKnownFileType = text; path = Podfile; sourceTree = "<group>"; xcLanguageSpecificationIdentifier = xcode.lang.ruby; };
		6F14610F499C46FAE14A4FAC /* Pods-TestKeyBoard.release.xcconfig */ = {isa = PBXFileReference; includeInIndex = 1; lastKnownFileType = text.xcconfig; name = "Pods-TestKeyBoard.release.xcconfig"; path = "Pods/Target Support Files/Pods-TestKeyBoard/Pods-TestKeyBoard.release.xcconfig"; sourceTree = "<group>"; };
		D6838CDC4877B453766F52AA /* Pods-TestKeyBoard.debug.xcconfig */ = {isa = PBXFileReference; includeInIndex = 1; lastKnownFileType = text.xcconfig; name = "Pods-TestKeyBoard.debug.xcconfig"; path = "Pods/Target Support Files/Pods-TestKeyBoard/Pods-TestKeyBoard.debug.xcconfig"; sourceTree = "<group>"; };
		DFE40A8530BE622E6F1E0B6B /* Pods_TestKeyBoard.framework */ = {isa = PBXFileReference; explicitFileType = wrapper.framework; includeInIndex = 0; path = Pods_TestKeyBoard.framework; sourceTree = BUILT_PRODUCTS_DIR; };
/* End PBXFileReference section */

/* Begin PBXFrameworksBuildPhase section */
		235B9A071D875A2C0016FAD0 /* Frameworks */ = {
			isa = PBXFrameworksBuildPhase;
			buildActionMask = 2147483647;
			files = (
				0BF69EF31FF51890D1FAAA69 /* Pods_TestKeyBoard.framework in Frameworks */,
			);
			runOnlyForDeploymentPostprocessing = 0;
		};
		235B9A1B1D875A2C0016FAD0 /* Frameworks */ = {
			isa = PBXFrameworksBuildPhase;
			buildActionMask = 2147483647;
			files = (
			);
			runOnlyForDeploymentPostprocessing = 0;
		};
		235B9A261D875A2D0016FAD0 /* Frameworks */ = {
			isa = PBXFrameworksBuildPhase;
			buildActionMask = 2147483647;
			files = (
			);
			runOnlyForDeploymentPostprocessing = 0;
		};
/* End PBXFrameworksBuildPhase section */

/* Begin PBXGroup section */
		235B9A011D875A2C0016FAD0 = {
			isa = PBXGroup;
			children = (
				235B9A0C1D875A2C0016FAD0 /* TestKeyBoard */,
				235B9A211D875A2C0016FAD0 /* TestKeyBoardTests */,
				235B9A2C1D875A2D0016FAD0 /* TestKeyBoardUITests */,
				235B9A0B1D875A2C0016FAD0 /* Products */,
				23F213A61D89E07600D537B7 /* Podfile */,
				AA0615F12A78C5DCB740B281 /* Pods */,
				714ED927F1C86708A2C8027E /* Frameworks */,
			);
			sourceTree = "<group>";
		};
		235B9A0B1D875A2C0016FAD0 /* Products */ = {
			isa = PBXGroup;
			children = (
				235B9A0A1D875A2C0016FAD0 /* TestKeyBoard.app */,
				235B9A1E1D875A2C0016FAD0 /* TestKeyBoardTests.xctest */,
				235B9A291D875A2D0016FAD0 /* TestKeyBoardUITests.xctest */,
			);
			name = Products;
			sourceTree = "<group>";
		};
		235B9A0C1D875A2C0016FAD0 /* TestKeyBoard */ = {
			isa = PBXGroup;
			children = (
				235B9A0D1D875A2C0016FAD0 /* AppDelegate.swift */,
				235B9A0F1D875A2C0016FAD0 /* ViewController.swift */,
				235B9A111D875A2C0016FAD0 /* Main.storyboard */,
				235B9A141D875A2C0016FAD0 /* Assets.xcassets */,
				235B9A161D875A2C0016FAD0 /* LaunchScreen.storyboard */,
				235B9A191D875A2C0016FAD0 /* Info.plist */,
			);
			path = TestKeyBoard;
			sourceTree = "<group>";
		};
		235B9A211D875A2C0016FAD0 /* TestKeyBoardTests */ = {
			isa = PBXGroup;
			children = (
				235B9A221D875A2D0016FAD0 /* TestKeyBoardTests.swift */,
				235B9A241D875A2D0016FAD0 /* Info.plist */,
			);
			path = TestKeyBoardTests;
			sourceTree = "<group>";
		};
		235B9A2C1D875A2D0016FAD0 /* TestKeyBoardUITests */ = {
			isa = PBXGroup;
			children = (
				235B9A2D1D875A2D0016FAD0 /* TestKeyBoardUITests.swift */,
				235B9A2F1D875A2D0016FAD0 /* Info.plist */,
			);
			path = TestKeyBoardUITests;
			sourceTree = "<group>";
		};
		23F213A61D89E07600D537B7 /* Podfile */ = {
			isa = PBXGroup;
			children = (
				23F213A71D89E0B800D537B7 /* Podfile */,
			);
			name = Podfile;
			sourceTree = "<group>";
		};
		714ED927F1C86708A2C8027E /* Frameworks */ = {
			isa = PBXGroup;
			children = (
				DFE40A8530BE622E6F1E0B6B /* Pods_TestKeyBoard.framework */,
			);
			name = Frameworks;
			sourceTree = "<group>";
		};
		AA0615F12A78C5DCB740B281 /* Pods */ = {
			isa = PBXGroup;
			children = (
				D6838CDC4877B453766F52AA /* Pods-TestKeyBoard.debug.xcconfig */,
				6F14610F499C46FAE14A4FAC /* Pods-TestKeyBoard.release.xcconfig */,
			);
			name = Pods;
			sourceTree = "<group>";
		};
/* End PBXGroup section */

/* Begin PBXNativeTarget section */
		235B9A091D875A2C0016FAD0 /* TestKeyBoard */ = {
			isa = PBXNativeTarget;
			buildConfigurationList = 235B9A321D875A2D0016FAD0 /* Build configuration list for PBXNativeTarget "TestKeyBoard" */;
			buildPhases = (
				70BC10C5000245B8E692FEA6 /* [CP] Check Pods Manifest.lock */,
				235B9A061D875A2C0016FAD0 /* Sources */,
				235B9A071D875A2C0016FAD0 /* Frameworks */,
				235B9A081D875A2C0016FAD0 /* Resources */,
				066895744B9A254BC4B3AE1C /* [CP] Embed Pods Frameworks */,
				8113F34EA0DF678BE5B8C818 /* [CP] Copy Pods Resources */,
			);
			buildRules = (
			);
			dependencies = (
			);
			name = TestKeyBoard;
			productName = TestKeyBoard;
			productReference = 235B9A0A1D875A2C0016FAD0 /* TestKeyBoard.app */;
			productType = "com.apple.product-type.application";
		};
		235B9A1D1D875A2C0016FAD0 /* TestKeyBoardTests */ = {
			isa = PBXNativeTarget;
			buildConfigurationList = 235B9A351D875A2D0016FAD0 /* Build configuration list for PBXNativeTarget "TestKeyBoardTests" */;
			buildPhases = (
				235B9A1A1D875A2C0016FAD0 /* Sources */,
				235B9A1B1D875A2C0016FAD0 /* Frameworks */,
				235B9A1C1D875A2C0016FAD0 /* Resources */,
			);
			buildRules = (
			);
			dependencies = (
				235B9A201D875A2C0016FAD0 /* PBXTargetDependency */,
			);
			name = TestKeyBoardTests;
			productName = TestKeyBoardTests;
			productReference = 235B9A1E1D875A2C0016FAD0 /* TestKeyBoardTests.xctest */;
			productType = "com.apple.product-type.bundle.unit-test";
		};
		235B9A281D875A2D0016FAD0 /* TestKeyBoardUITests */ = {
			isa = PBXNativeTarget;
			buildConfigurationList = 235B9A381D875A2D0016FAD0 /* Build configuration list for PBXNativeTarget "TestKeyBoardUITests" */;
			buildPhases = (
				235B9A251D875A2D0016FAD0 /* Sources */,
				235B9A261D875A2D0016FAD0 /* Frameworks */,
				235B9A271D875A2D0016FAD0 /* Resources */,
			);
			buildRules = (
			);
			dependencies = (
				235B9A2B1D875A2D0016FAD0 /* PBXTargetDependency */,
			);
			name = TestKeyBoardUITests;
			productName = TestKeyBoardUITests;
			productReference = 235B9A291D875A2D0016FAD0 /* TestKeyBoardUITests.xctest */;
			productType = "com.apple.product-type.bundle.ui-testing";
		};
/* End PBXNativeTarget section */

/* Begin PBXProject section */
		235B9A021D875A2C0016FAD0 /* Project object */ = {
			isa = PBXProject;
			attributes = {
				LastSwiftUpdateCheck = 0730;
				LastUpgradeCheck = 0730;
				ORGANIZATIONNAME = "Edwin Polo";
				TargetAttributes = {
					235B9A091D875A2C0016FAD0 = {
						CreatedOnToolsVersion = 7.3.1;
					};
					235B9A1D1D875A2C0016FAD0 = {
						CreatedOnToolsVersion = 7.3.1;
						TestTargetID = 235B9A091D875A2C0016FAD0;
					};
					235B9A281D875A2D0016FAD0 = {
						CreatedOnToolsVersion = 7.3.1;
						TestTargetID = 235B9A091D875A2C0016FAD0;
					};
				};
			};
			buildConfigurationList = 235B9A051D875A2C0016FAD0 /* Build configuration list for PBXProject "TestKeyBoard" */;
			compatibilityVersion = "Xcode 3.2";
			developmentRegion = English;
			hasScannedForEncodings = 0;
			knownRegions = (
				en,
				Base,
			);
			mainGroup = 235B9A011D875A2C0016FAD0;
			productRefGroup = 235B9A0B1D875A2C0016FAD0 /* Products */;
			projectDirPath = "";
			projectRoot = "";
			targets = (
				235B9A091D875A2C0016FAD0 /* TestKeyBoard */,
				235B9A1D1D875A2C0016FAD0 /* TestKeyBoardTests */,
				235B9A281D875A2D0016FAD0 /* TestKeyBoardUITests */,
			);
		};
/* End PBXProject section */

/* Begin PBXResourcesBuildPhase section */
		235B9A081D875A2C0016FAD0 /* Resources */ = {
			isa = PBXResourcesBuildPhase;
			buildActionMask = 2147483647;
			files = (
				235B9A181D875A2C0016FAD0 /* LaunchScreen.storyboard in Resources */,
				235B9A151D875A2C0016FAD0 /* Assets.xcassets in Resources */,
				23F213A81D89E0B800D537B7 /* Podfile in Resources */,
				235B9A131D875A2C0016FAD0 /* Main.storyboard in Resources */,
			);
			runOnlyForDeploymentPostprocessing = 0;
		};
		235B9A1C1D875A2C0016FAD0 /* Resources */ = {
			isa = PBXResourcesBuildPhase;
			buildActionMask = 2147483647;
			files = (
			);
			runOnlyForDeploymentPostprocessing = 0;
		};
		235B9A271D875A2D0016FAD0 /* Resources */ = {
			isa = PBXResourcesBuildPhase;
			buildActionMask = 2147483647;
			files = (
			);
			runOnlyForDeploymentPostprocessing = 0;
		};
/* End PBXResourcesBuildPhase section */

/* Begin PBXShellScriptBuildPhase section */
		066895744B9A254BC4B3AE1C /* [CP] Embed Pods Frameworks */ = {
			isa = PBXShellScriptBuildPhase;
			buildActionMask = 2147483647;
			files = (
			);
			inputPaths = (
			);
			name = "[CP] Embed Pods Frameworks";
			outputPaths = (
			);
			runOnlyForDeploymentPostprocessing = 0;
			shellPath = /bin/sh;
			shellScript = "\"${SRCROOT}/Pods/Target Support Files/Pods-TestKeyBoard/Pods-TestKeyBoard-frameworks.sh\"\n";
			showEnvVarsInLog = 0;
		};
		70BC10C5000245B8E692FEA6 /* [CP] Check Pods Manifest.lock */ = {
			isa = PBXShellScriptBuildPhase;
			buildActionMask = 2147483647;
			files = (
			);
			inputPaths = (
			);
			name = "[CP] Check Pods Manifest.lock";
			outputPaths = (
			);
			runOnlyForDeploymentPostprocessing = 0;
			shellPath = /bin/sh;
			shellScript = "diff \"${PODS_ROOT}/../Podfile.lock\" \"${PODS_ROOT}/Manifest.lock\" > /dev/null\nif [[ $? != 0 ]] ; then\n    cat << EOM\nerror: The sandbox is not in sync with the Podfile.lock. Run 'pod install' or update your CocoaPods installation.\nEOM\n    exit 1\nfi\n";
			showEnvVarsInLog = 0;
		};
		8113F34EA0DF678BE5B8C818 /* [CP] Copy Pods Resources */ = {
			isa = PBXShellScriptBuildPhase;
			buildActionMask = 2147483647;
			files = (
			);
			inputPaths = (
			);
			name = "[CP] Copy Pods Resources";
			outputPaths = (
			);
			runOnlyForDeploymentPostprocessing = 0;
			shellPath = /bin/sh;
			shellScript = "\"${SRCROOT}/Pods/Target Support Files/Pods-TestKeyBoard/Pods-TestKeyBoard-resources.sh\"\n";
			showEnvVarsInLog = 0;
		};
/* End PBXShellScriptBuildPhase section */

/* Begin PBXSourcesBuildPhase section */
		235B9A061D875A2C0016FAD0 /* Sources */ = {
			isa = PBXSourcesBuildPhase;
			buildActionMask = 2147483647;
			files = (
				235B9A101D875A2C0016FAD0 /* ViewController.swift in Sources */,
				235B9A0E1D875A2C0016FAD0 /* AppDelegate.swift in Sources */,
			);
			runOnlyForDeploymentPostprocessing = 0;
		};
		235B9A1A1D875A2C0016FAD0 /* Sources */ = {
			isa = PBXSourcesBuildPhase;
			buildActionMask = 2147483647;
			files = (
				235B9A231D875A2D0016FAD0 /* TestKeyBoardTests.swift in Sources */,
			);
			runOnlyForDeploymentPostprocessing = 0;
		};
		235B9A251D875A2D0016FAD0 /* Sources */ = {
			isa = PBXSourcesBuildPhase;
			buildActionMask = 2147483647;
			files = (
				235B9A2E1D875A2D0016FAD0 /* TestKeyBoardUITests.swift in Sources */,
			);
			runOnlyForDeploymentPostprocessing = 0;
		};
/* End PBXSourcesBuildPhase section */

/* Begin PBXTargetDependency section */
		235B9A201D875A2C0016FAD0 /* PBXTargetDependency */ = {
			isa = PBXTargetDependency;
			target = 235B9A091D875A2C0016FAD0 /* TestKeyBoard */;
			targetProxy = 235B9A1F1D875A2C0016FAD0 /* PBXContainerItemProxy */;
		};
		235B9A2B1D875A2D0016FAD0 /* PBXTargetDependency */ = {
			isa = PBXTargetDependency;
			target = 235B9A091D875A2C0016FAD0 /* TestKeyBoard */;
			targetProxy = 235B9A2A1D875A2D0016FAD0 /* PBXContainerItemProxy */;
		};
/* End PBXTargetDependency section */

/* Begin PBXVariantGroup section */
		235B9A111D875A2C0016FAD0 /* Main.storyboard */ = {
			isa = PBXVariantGroup;
			children = (
				235B9A121D875A2C0016FAD0 /* Base */,
			);
			name = Main.storyboard;
			sourceTree = "<group>";
		};
		235B9A161D875A2C0016FAD0 /* LaunchScreen.storyboard */ = {
			isa = PBXVariantGroup;
			children = (
				235B9A171D875A2C0016FAD0 /* Base */,
			);
			name = LaunchScreen.storyboard;
			sourceTree = "<group>";
		};
/* End PBXVariantGroup section */

/* Begin XCBuildConfiguration section */
		235B9A301D875A2D0016FAD0 /* Debug */ = {
			isa = XCBuildConfiguration;
			buildSettings = {
				ALWAYS_SEARCH_USER_PATHS = NO;
				CLANG_ANALYZER_NONNULL = YES;
				CLANG_CXX_LANGUAGE_STANDARD = "gnu++0x";
				CLANG_CXX_LIBRARY = "libc++";
				CLANG_ENABLE_MODULES = YES;
				CLANG_ENABLE_OBJC_ARC = YES;
				CLANG_WARN_BOOL_CONVERSION = YES;
				CLANG_WARN_CONSTANT_CONVERSION = YES;
				CLANG_WARN_DIRECT_OBJC_ISA_USAGE = YES_ERROR;
				CLANG_WARN_EMPTY_BODY = YES;
				CLANG_WARN_ENUM_CONVERSION = YES;
				CLANG_WARN_INT_CONVERSION = YES;
				CLANG_WARN_OBJC_ROOT_CLASS = YES_ERROR;
				CLANG_WARN_UNREACHABLE_CODE = YES;
				CLANG_WARN__DUPLICATE_METHOD_MATCH = YES;
				"CODE_SIGN_IDENTITY[sdk=iphoneos*]" = "iPhone Developer";
				COPY_PHASE_STRIP = NO;
				DEBUG_INFORMATION_FORMAT = dwarf;
				ENABLE_STRICT_OBJC_MSGSEND = YES;
				ENABLE_TESTABILITY = YES;
				GCC_C_LANGUAGE_STANDARD = gnu99;
				GCC_DYNAMIC_NO_PIC = NO;
				GCC_NO_COMMON_BLOCKS = YES;
				GCC_OPTIMIZATION_LEVEL = 0;
				GCC_PREPROCESSOR_DEFINITIONS = (
					"DEBUG=1",
					"$(inherited)",
				);
				GCC_WARN_64_TO_32_BIT_CONVERSION = YES;
				GCC_WARN_ABOUT_RETURN_TYPE = YES_ERROR;
				GCC_WARN_UNDECLARED_SELECTOR = YES;
				GCC_WARN_UNINITIALIZED_AUTOS = YES_AGGRESSIVE;
				GCC_WARN_UNUSED_FUNCTION = YES;
				GCC_WARN_UNUSED_VARIABLE = YES;
				IPHONEOS_DEPLOYMENT_TARGET = 9.3;
				MTL_ENABLE_DEBUG_INFO = YES;
				ONLY_ACTIVE_ARCH = YES;
				SDKROOT = iphoneos;
				SWIFT_OPTIMIZATION_LEVEL = "-Onone";
			};
			name = Debug;
		};
		235B9A311D875A2D0016FAD0 /* Release */ = {
			isa = XCBuildConfiguration;
			buildSettings = {
				ALWAYS_SEARCH_USER_PATHS = NO;
				CLANG_ANALYZER_NONNULL = YES;
				CLANG_CXX_LANGUAGE_STANDARD = "gnu++0x";
				CLANG_CXX_LIBRARY = "libc++";
				CLANG_ENABLE_MODULES = YES;
				CLANG_ENABLE_OBJC_ARC = YES;
				CLANG_WARN_BOOL_CONVERSION = YES;
				CLANG_WARN_CONSTANT_CONVERSION = YES;
				CLANG_WARN_DIRECT_OBJC_ISA_USAGE = YES_ERROR;
				CLANG_WARN_EMPTY_BODY = YES;
				CLANG_WARN_ENUM_CONVERSION = YES;
				CLANG_WARN_INT_CONVERSION = YES;
				CLANG_WARN_OBJC_ROOT_CLASS = YES_ERROR;
				CLANG_WARN_UNREACHABLE_CODE = YES;
				CLANG_WARN__DUPLICATE_METHOD_MATCH = YES;
				"CODE_SIGN_IDENTITY[sdk=iphoneos*]" = "iPhone Developer";
				COPY_PHASE_STRIP = NO;
				DEBUG_INFORMATION_FORMAT = "dwarf-with-dsym";
				ENABLE_NS_ASSERTIONS = NO;
				ENABLE_STRICT_OBJC_MSGSEND = YES;
				GCC_C_LANGUAGE_STANDARD = gnu99;
				GCC_NO_COMMON_BLOCKS = YES;
				GCC_WARN_64_TO_32_BIT_CONVERSION = YES;
				GCC_WARN_ABOUT_RETURN_TYPE = YES_ERROR;
				GCC_WARN_UNDECLARED_SELECTOR = YES;
				GCC_WARN_UNINITIALIZED_AUTOS = YES_AGGRESSIVE;
				GCC_WARN_UNUSED_FUNCTION = YES;
				GCC_WARN_UNUSED_VARIABLE = YES;
				IPHONEOS_DEPLOYMENT_TARGET = 9.3;
				MTL_ENABLE_DEBUG_INFO = NO;
				SDKROOT = iphoneos;
				VALIDATE_PRODUCT = YES;
			};
			name = Release;
		};
		235B9A331D875A2D0016FAD0 /* Debug */ = {
			isa = XCBuildConfiguration;
			baseConfigurationReference = D6838CDC4877B453766F52AA /* Pods-TestKeyBoard.debug.xcconfig */;
			buildSettings = {
				ASSETCATALOG_COMPILER_APPICON_NAME = AppIcon;
				INFOPLIST_FILE = TestKeyBoard/Info.plist;
				LD_RUNPATH_SEARCH_PATHS = "$(inherited) @executable_path/Frameworks";
				PRODUCT_BUNDLE_IDENTIFIER = Edwin.TestKeyBoard;
				PRODUCT_NAME = "$(TARGET_NAME)";
			};
			name = Debug;
		};
		235B9A341D875A2D0016FAD0 /* Release */ = {
			isa = XCBuildConfiguration;
			baseConfigurationReference = 6F14610F499C46FAE14A4FAC /* Pods-TestKeyBoard.release.xcconfig */;
			buildSettings = {
				ASSETCATALOG_COMPILER_APPICON_NAME = AppIcon;
				INFOPLIST_FILE = TestKeyBoard/Info.plist;
				LD_RUNPATH_SEARCH_PATHS = "$(inherited) @executable_path/Frameworks";
				PRODUCT_BUNDLE_IDENTIFIER = Edwin.TestKeyBoard;
				PRODUCT_NAME = "$(TARGET_NAME)";
			};
			name = Release;
		};
		235B9A361D875A2D0016FAD0 /* Debug */ = {
			isa = XCBuildConfiguration;
			buildSettings = {
				BUNDLE_LOADER = "$(TEST_HOST)";
				INFOPLIST_FILE = TestKeyBoardTests/Info.plist;
				LD_RUNPATH_SEARCH_PATHS = "$(inherited) @executable_path/Frameworks @loader_path/Frameworks";
				PRODUCT_BUNDLE_IDENTIFIER = Edwin.TestKeyBoardTests;
				PRODUCT_NAME = "$(TARGET_NAME)";
				TEST_HOST = "$(BUILT_PRODUCTS_DIR)/TestKeyBoard.app/TestKeyBoard";
			};
			name = Debug;
		};
		235B9A371D875A2D0016FAD0 /* Release */ = {
			isa = XCBuildConfiguration;
			buildSettings = {
				BUNDLE_LOADER = "$(TEST_HOST)";
				INFOPLIST_FILE = TestKeyBoardTests/Info.plist;
				LD_RUNPATH_SEARCH_PATHS = "$(inherited) @executable_path/Frameworks @loader_path/Frameworks";
				PRODUCT_BUNDLE_IDENTIFIER = Edwin.TestKeyBoardTests;
				PRODUCT_NAME = "$(TARGET_NAME)";
				TEST_HOST = "$(BUILT_PRODUCTS_DIR)/TestKeyBoard.app/TestKeyBoard";
			};
			name = Release;
		};
		235B9A391D875A2D0016FAD0 /* Debug */ = {
			isa = XCBuildConfiguration;
			buildSettings = {
				INFOPLIST_FILE = TestKeyBoardUITests/Info.plist;
				LD_RUNPATH_SEARCH_PATHS = "$(inherited) @executable_path/Frameworks @loader_path/Frameworks";
				PRODUCT_BUNDLE_IDENTIFIER = Edwin.TestKeyBoardUITests;
				PRODUCT_NAME = "$(TARGET_NAME)";
				TEST_TARGET_NAME = TestKeyBoard;
			};
			name = Debug;
		};
		235B9A3A1D875A2D0016FAD0 /* Release */ = {
			isa = XCBuildConfiguration;
			buildSettings = {
				INFOPLIST_FILE = TestKeyBoardUITests/Info.plist;
				LD_RUNPATH_SEARCH_PATHS = "$(inherited) @executable_path/Frameworks @loader_path/Frameworks";
				PRODUCT_BUNDLE_IDENTIFIER = Edwin.TestKeyBoardUITests;
				PRODUCT_NAME = "$(TARGET_NAME)";
				TEST_TARGET_NAME = TestKeyBoard;
			};
			name = Release;
		};
/* End XCBuildConfiguration section */

/* Begin XCConfigurationList section */
		235B9A051D875A2C0016FAD0 /* Build configuration list for PBXProject "TestKeyBoard" */ = {
			isa = XCConfigurationList;
			buildConfigurations = (
				235B9A301D875A2D0016FAD0 /* Debug */,
				235B9A311D875A2D0016FAD0 /* Release */,
			);
			defaultConfigurationIsVisible = 0;
			defaultConfigurationName = Release;
		};
		235B9A321D875A2D0016FAD0 /* Build configuration list for PBXNativeTarget "TestKeyBoard" */ = {
			isa = XCConfigurationList;
			buildConfigurations = (
				235B9A331D875A2D0016FAD0 /* Debug */,
				235B9A341D875A2D0016FAD0 /* Release */,
			);
			defaultConfigurationIsVisible = 0;
			defaultConfigurationName = Release;
		};
		235B9A351D875A2D0016FAD0 /* Build configuration list for PBXNativeTarget "TestKeyBoardTests" */ = {
			isa = XCConfigurationList;
			buildConfigurations = (
				235B9A361D875A2D0016FAD0 /* Debug */,
				235B9A371D875A2D0016FAD0 /* Release */,
			);
			defaultConfigurationIsVisible = 0;
			defaultConfigurationName = Release;
		};
		235B9A381D875A2D0016FAD0 /* Build configuration list for PBXNativeTarget "TestKeyBoardUITests" */ = {
			isa = XCConfigurationList;
			buildConfigurations = (
				235B9A391D875A2D0016FAD0 /* Debug */,
				235B9A3A1D875A2D0016FAD0 /* Release */,
			);
			defaultConfigurationIsVisible = 0;
			defaultConfigurationName = Release;
		};
/* End XCConfigurationList section */
	};
	rootObject = 235B9A021D875A2C0016FAD0 /* Project object */;
}
